
Microsoft Visual Studio Solution File, Format Version 12.00
# Visual Studio Version 16
VisualStudioVersion = 16.0.31410.357
MinimumVisualStudioVersion = 10.0.40219.1
Project("{FAE04EC0-301F-11D3-BF4B-00C04F79EFBC}") = "Rebut_Service_Pochta", "Rebut_Service_Pochta\Rebut_Service_Pochta.csproj", "{133B6B75-C38F-4EA1-B1C5-82531EBE1DB2}"
EndProject
Global
	GlobalSection(SolutionConfigurationPlatforms) = preSolution
		Debug|Any CPU = Debug|Any CPU
		Release|Any CPU = Release|Any CPU
	EndGlobalSection
	GlobalSection(ProjectConfigurationPlatforms) = postSolution
		{133B6B75-C38F-4EA1-B1C5-82531EBE1DB2}.Debug|Any CPU.ActiveCfg = Debug|Any CPU
		{133B6B75-C38F-4EA1-B1C5-82531EBE1DB2}.Debug|Any CPU.Build.0 = Debug|Any CPU
		{133B6B75-C38F-4EA1-B1C5-82531EBE1DB2}.Release|Any CPU.ActiveCfg = Release|Any CPU
		{133B6B75-C38F-4EA1-B1C5-82531EBE1DB2}.Release|Any CPU.Build.0 = Release|Any CPU
	EndGlobalSection
	GlobalSection(SolutionProperties) = preSolution
		HideSolutionNode = FALSE
	EndGlobalSection
	GlobalSection(ExtensibilityGlobals) = postSolution
		SolutionGuid = {DF3A8774-DF47-45AD-A188-D09AC608F53F}
	EndGlobalSection
EndGlobal
